{
  "name": "formsort-embed-example-lit",
  "version": "1.0.0",
  "lockfileVersion": 2,
  "requires": true,
  "packages": {
    "": {
      "name": "formsort-embed-example-lit",
      "version": "1.0.0",
      "license": "ISC",
      "dependencies": {
        "@formsort/web-embed-api": "^1.3.0",
        "lit": "^2.0.0-rc.4"
      },
      "devDependencies": {
        "typescript": "^4.4.2"
      }
    },
    "node_modules/@formsort/constants": {
      "version": "1.3.0",
      "resolved": "https://registry.npmjs.org/@formsort/constants/-/constants-1.3.0.tgz",
      "integrity": "sha512-8oqewuEVMWPtPStk2u6VVzF0cwXsqYCPB3v6mRm5u5U18+ETC5E2R7+PbR1uIW4wi5hUBMeNH7+UXEevlFv5Pw=="
    },
    "node_modules/@formsort/web-embed-api": {
      "version": "1.3.0",
      "resolved": "https://registry.npmjs.org/@formsort/web-embed-api/-/web-embed-api-1.3.0.tgz",
      "integrity": "sha512-s3MNlnHIJTA45Hb6Er4NqfEcT5oNgZsQ2Q2mlhsD5iYUD3DjOA0Rg39zInspMsdRBPl1ikzcK+3N1/XX27Bw+A==",
      "dependencies": {
        "@formsort/constants": "^1.2.1"
      }
    },
    "node_modules/@lit/reactive-element": {
      "version": "1.0.0-rc.4",
      "resolved": "https://registry.npmjs.org/@lit/reactive-element/-/reactive-element-1.0.0-rc.4.tgz",
      "integrity": "sha512-dJMha+4NFYdpnUJzRrWTFV5Hdp9QHWFuPnaoqonrKl4lGJVnYez9mu8ev9F/5KM47tjAjh22DuRHrdFDHfOijA=="
    },
    "node_modules/@types/trusted-types": {
      "version": "2.0.2",
      "resolved": "https://registry.npmjs.org/@types/trusted-types/-/trusted-types-2.0.2.tgz",
      "integrity": "sha512-F5DIZ36YVLE+PN+Zwws4kJogq47hNgX3Nx6WyDJ3kcplxyke3XIzB8uK5n/Lpm1HBsbGzd6nmGehL8cPekP+Tg=="
    },
    "node_modules/lit": {
      "version": "2.0.0-rc.4",
      "resolved": "https://registry.npmjs.org/lit/-/lit-2.0.0-rc.4.tgz",
      "integrity": "sha512-HPJrSvK377a1E5eSAUG+eTJWIOJFGNtnfbGPHY4vbc0Ud9GTFSwMEbeAOIJnA+5q92cafR38F1bWOyo4a2ncag==",
      "dependencies": {
        "@lit/reactive-element": "^1.0.0-rc.2",
        "lit-element": "^3.0.0-rc.2",
        "lit-html": "^2.0.0-rc.4"
      }
    },
    "node_modules/lit-element": {
      "version": "3.0.0-rc.4",
      "resolved": "https://registry.npmjs.org/lit-element/-/lit-element-3.0.0-rc.4.tgz",
      "integrity": "sha512-6X7RCHTNhAWetVSr8VccALnRcn3W3VDqOfjY5cAfyfGq8Y9IbWnyBP8/ihpRg2atHbM2NsGL6pjDrFL9dRdIKg==",
      "dependencies": {
        "@lit/reactive-element": "^1.0.0-rc.2",
        "lit-html": "^2.0.0-rc.4"
      }
    },
    "node_modules/lit-html": {
      "version": "2.0.0-rc.5",
      "resolved": "https://registry.npmjs.org/lit-html/-/lit-html-2.0.0-rc.5.tgz",
      "integrity": "sha512-vFnjzqwQijC9By5F50c3sjI5PXPYoIvbGfpbbDOv+8BBRYdMR+FDYyMeCC3T3iIZx8EE6aIow2aTaG+HS5SV4A==",
      "dependencies": {
        "@types/trusted-types": "^2.0.2"
      }
    },
    "node_modules/typescript": {
      "version": "4.4.2",
      "resolved": "https://registry.npmjs.org/typescript/-/typescript-4.4.2.tgz",
      "integrity": "sha512-gzP+t5W4hdy4c+68bfcv0t400HVJMMd2+H9B7gae1nQlBzCqvrXX+6GL/b3GAgyTH966pzrZ70/fRjwAtZksSQ==",
      "dev": true,
      "bin": {
        "tsc": "bin/tsc",
        "tsserver": "bin/tsserver"
      },
      "engines": {
        "node": ">=4.2.0"
      }
    }
  },
  "dependencies": {
    "@formsort/constants": {
      "version": "1.3.0",
      "resolved": "https://registry.npmjs.org/@formsort/constants/-/constants-1.3.0.tgz",
      "integrity": "sha512-8oqewuEVMWPtPStk2u6VVzF0cwXsqYCPB3v6mRm5u5U18+ETC5E2R7+PbR1uIW4wi5hUBMeNH7+UXEevlFv5Pw=="
    },
    "@formsort/web-embed-api": {
      "version": "1.3.0",
      "resolved": "https://registry.npmjs.org/@formsort/web-embed-api/-/web-embed-api-1.3.0.tgz",
      "integrity": "sha512-s3MNlnHIJTA45Hb6Er4NqfEcT5oNgZsQ2Q2mlhsD5iYUD3DjOA0Rg39zInspMsdRBPl1ikzcK+3N1/XX27Bw+A==",
      "requires": {
        "@formsort/constants": "^1.2.1"
      }
    },
    "@lit/reactive-element": {
      "version": "1.0.0-rc.4",
      "resolved": "https://registry.npmjs.org/@lit/reactive-element/-/reactive-element-1.0.0-rc.4.tgz",
      "integrity": "sha512-dJMha+4NFYdpnUJzRrWTFV5Hdp9QHWFuPnaoqonrKl4lGJVnYez9mu8ev9F/5KM47tjAjh22DuRHrdFDHfOijA=="
    },
    "@types/trusted-types": {
      "version": "2.0.2",
      "resolved": "https://registry.npmjs.org/@types/trusted-types/-/trusted-types-2.0.2.tgz",
      "integrity": "sha512-F5DIZ36YVLE+PN+Zwws4kJogq47hNgX3Nx6WyDJ3kcplxyke3XIzB8uK5n/Lpm1HBsbGzd6nmGehL8cPekP+Tg=="
    },
    "lit": {
      "version": "2.0.0-rc.4",
      "resolved": "https://registry.npmjs.org/lit/-/lit-2.0.0-rc.4.tgz",
      "integrity": "sha512-HPJrSvK377a1E5eSAUG+eTJWIOJFGNtnfbGPHY4vbc0Ud9GTFSwMEbeAOIJnA+5q92cafR38F1bWOyo4a2ncag==",
      "requires": {
        "@lit/reactive-element": "^1.0.0-rc.2",
        "lit-element": "^3.0.0-rc.2",
        "lit-html": "^2.0.0-rc.4"
      }
    },
    "lit-element": {
      "version": "3.0.0-rc.4",
      "resolved": "https://registry.npmjs.org/lit-element/-/lit-element-3.0.0-rc.4.tgz",
      "integrity": "sha512-6X7RCHTNhAWetVSr8VccALnRcn3W3VDqOfjY5cAfyfGq8Y9IbWnyBP8/ihpRg2atHbM2NsGL6pjDrFL9dRdIKg==",
      "requires": {
        "@lit/reactive-element": "^1.0.0-rc.2",
        "lit-html": "^2.0.0-rc.4"
      }
    },
    "lit-html": {
      "version": "2.0.0-rc.5",
      "resolved": "https://registry.npmjs.org/lit-html/-/lit-html-2.0.0-rc.5.tgz",
      "integrity": "sha512-vFnjzqwQijC9By5F50c3sjI5PXPYoIvbGfpbbDOv+8BBRYdMR+FDYyMeCC3T3iIZx8EE6aIow2aTaG+HS5SV4A==",
      "requires": {
        "@types/trusted-types": "^2.0.2"
      }
    },
    "typescript": {
      "version": "4.4.2",
      "resolved": "https://registry.npmjs.org/typescript/-/typescript-4.4.2.tgz",
      "integrity": "sha512-gzP+t5W4hdy4c+68bfcv0t400HVJMMd2+H9B7gae1nQlBzCqvrXX+6GL/b3GAgyTH966pzrZ70/fRjwAtZksSQ==",
      "dev": true
    }
  }
}
